
Microsoft Visual Studio Solution File, Format Version 12.00
# Visual Studio Version 16
VisualStudioVersion = 16.0.29418.71
MinimumVisualStudioVersion = 10.0.40219.1
Project("{FAE04EC0-301F-11D3-BF4B-00C04F79EFBC}") = "CSharp.ReflectionDemo", "Implementation\CSharp.ReflectionDemo\CSharp.ReflectionDemo.csproj", "{C2BC2250-C771-40C9-BD7E-6B6345382A23}"
EndProject
Global
	GlobalSection(SolutionConfigurationPlatforms) = preSolution
		Debug|Any CPU = Debug|Any CPU
		Release|Any CPU = Release|Any CPU
	EndGlobalSection
	GlobalSection(ProjectConfigurationPlatforms) = postSolution
		{C2BC2250-C771-40C9-BD7E-6B6345382A23}.Debug|Any CPU.ActiveCfg = Debug|Any CPU
		{C2BC2250-C771-40C9-BD7E-6B6345382A23}.Debug|Any CPU.Build.0 = Debug|Any CPU
		{C2BC2250-C771-40C9-BD7E-6B6345382A23}.Release|Any CPU.ActiveCfg = Release|Any CPU
		{C2BC2250-C771-40C9-BD7E-6B6345382A23}.Release|Any CPU.Build.0 = Release|Any CPU
	EndGlobalSection
	GlobalSection(SolutionProperties) = preSolution
		HideSolutionNode = FALSE
	EndGlobalSection
	GlobalSection(ExtensibilityGlobals) = postSolution
		SolutionGuid = {F19783EC-68D7-43D7-BFF5-3DF685B09EAF}
	EndGlobalSection
EndGlobal
