
Microsoft Visual Studio Solution File, Format Version 12.00
# Visual Studio Version 16
VisualStudioVersion = 16.0.29905.134
MinimumVisualStudioVersion = 10.0.40219.1
Project("{FAE04EC0-301F-11D3-BF4B-00C04F79EFBC}") = "OneNX.Logging4net", "OneNX.Logging4net.csproj", "{DA4149CA-302C-42E7-A4CC-241AB7D999DC}"
EndProject
Global
	GlobalSection(SolutionConfigurationPlatforms) = preSolution
		Debug|Any CPU = Debug|Any CPU
		Release|Any CPU = Release|Any CPU
	EndGlobalSection
	GlobalSection(ProjectConfigurationPlatforms) = postSolution
		{DA4149CA-302C-42E7-A4CC-241AB7D999DC}.Debug|Any CPU.ActiveCfg = Debug|Any CPU
		{DA4149CA-302C-42E7-A4CC-241AB7D999DC}.Debug|Any CPU.Build.0 = Debug|Any CPU
		{DA4149CA-302C-42E7-A4CC-241AB7D999DC}.Release|Any CPU.ActiveCfg = Release|Any CPU
		{DA4149CA-302C-42E7-A4CC-241AB7D999DC}.Release|Any CPU.Build.0 = Release|Any CPU
	EndGlobalSection
	GlobalSection(SolutionProperties) = preSolution
		HideSolutionNode = FALSE
	EndGlobalSection
	GlobalSection(ExtensibilityGlobals) = postSolution
		SolutionGuid = {6E08E579-990E-4A40-B1D1-936BBC200E1E}
	EndGlobalSection
EndGlobal
