
Microsoft Visual Studio Solution File, Format Version 12.00
# Visual Studio Version 16
VisualStudioVersion = 16.0.29905.134
MinimumVisualStudioVersion = 10.0.40219.1
Project("{FAE04EC0-301F-11D3-BF4B-00C04F79EFBC}") = "SocketDemo.Server", "SocketDemo.Server\SocketDemo.Server.csproj", "{F5C506A3-18F7-46EA-8FDE-A8C3D2F3C0F4}"
EndProject
Global
	GlobalSection(SolutionConfigurationPlatforms) = preSolution
		Debug|Any CPU = Debug|Any CPU
		Release|Any CPU = Release|Any CPU
	EndGlobalSection
	GlobalSection(ProjectConfigurationPlatforms) = postSolution
		{F5C506A3-18F7-46EA-8FDE-A8C3D2F3C0F4}.Debug|Any CPU.ActiveCfg = Debug|Any CPU
		{F5C506A3-18F7-46EA-8FDE-A8C3D2F3C0F4}.Debug|Any CPU.Build.0 = Debug|Any CPU
		{F5C506A3-18F7-46EA-8FDE-A8C3D2F3C0F4}.Release|Any CPU.ActiveCfg = Release|Any CPU
		{F5C506A3-18F7-46EA-8FDE-A8C3D2F3C0F4}.Release|Any CPU.Build.0 = Release|Any CPU
	EndGlobalSection
	GlobalSection(SolutionProperties) = preSolution
		HideSolutionNode = FALSE
	EndGlobalSection
	GlobalSection(ExtensibilityGlobals) = postSolution
		SolutionGuid = {A3250E74-E672-471F-93FD-839869EBD708}
	EndGlobalSection
EndGlobal
