
Microsoft Visual Studio Solution File, Format Version 12.00
# Visual Studio Version 16
VisualStudioVersion = 16.0.29418.71
MinimumVisualStudioVersion = 10.0.40219.1
Project("{FAE04EC0-301F-11D3-BF4B-00C04F79EFBC}") = "CMDemo", "Implementation\CMDemo\CMDemo.csproj", "{5B82C11D-2310-42A7-97B2-823F6A88E47B}"
EndProject
Global
	GlobalSection(SolutionConfigurationPlatforms) = preSolution
		Debug|Any CPU = Debug|Any CPU
		Release|Any CPU = Release|Any CPU
	EndGlobalSection
	GlobalSection(ProjectConfigurationPlatforms) = postSolution
		{5B82C11D-2310-42A7-97B2-823F6A88E47B}.Debug|Any CPU.ActiveCfg = Debug|Any CPU
		{5B82C11D-2310-42A7-97B2-823F6A88E47B}.Debug|Any CPU.Build.0 = Debug|Any CPU
		{5B82C11D-2310-42A7-97B2-823F6A88E47B}.Release|Any CPU.ActiveCfg = Release|Any CPU
		{5B82C11D-2310-42A7-97B2-823F6A88E47B}.Release|Any CPU.Build.0 = Release|Any CPU
	EndGlobalSection
	GlobalSection(SolutionProperties) = preSolution
		HideSolutionNode = FALSE
	EndGlobalSection
	GlobalSection(ExtensibilityGlobals) = postSolution
		SolutionGuid = {DAE19070-9DFB-4E37-9F92-30C7132B8BF9}
	EndGlobalSection
EndGlobal
