
Microsoft Visual Studio Solution File, Format Version 12.00
# Visual Studio Version 16
VisualStudioVersion = 16.0.29418.71
MinimumVisualStudioVersion = 10.0.40219.1
Project("{FAE04EC0-301F-11D3-BF4B-00C04F79EFBC}") = "BackgroundWorkerDemo", "Implementation\BackgroundWorkerDemo\BackgroundWorkerDemo.csproj", "{CD4E74B5-1B7B-4519-BE0E-E45D11C27A32}"
EndProject
Global
	GlobalSection(SolutionConfigurationPlatforms) = preSolution
		Debug|Any CPU = Debug|Any CPU
		Release|Any CPU = Release|Any CPU
	EndGlobalSection
	GlobalSection(ProjectConfigurationPlatforms) = postSolution
		{CD4E74B5-1B7B-4519-BE0E-E45D11C27A32}.Debug|Any CPU.ActiveCfg = Debug|Any CPU
		{CD4E74B5-1B7B-4519-BE0E-E45D11C27A32}.Debug|Any CPU.Build.0 = Debug|Any CPU
		{CD4E74B5-1B7B-4519-BE0E-E45D11C27A32}.Release|Any CPU.ActiveCfg = Release|Any CPU
		{CD4E74B5-1B7B-4519-BE0E-E45D11C27A32}.Release|Any CPU.Build.0 = Release|Any CPU
	EndGlobalSection
	GlobalSection(SolutionProperties) = preSolution
		HideSolutionNode = FALSE
	EndGlobalSection
	GlobalSection(ExtensibilityGlobals) = postSolution
		SolutionGuid = {F0FC86E5-9C66-4DEE-9523-C15412B658DB}
	EndGlobalSection
EndGlobal
