
Microsoft Visual Studio Solution File, Format Version 12.00
# Visual Studio 15
VisualStudioVersion = 15.0.28307.645
MinimumVisualStudioVersion = 10.0.40219.1
Project("{FAE04EC0-301F-11D3-BF4B-00C04F79EFBC}") = "WCFCallback.Contract", "WCFCallback.Contract.csproj", "{AC0E0FE7-384C-4D35-99F6-EA2D982B2436}"
EndProject
Project("{FAE04EC0-301F-11D3-BF4B-00C04F79EFBC}") = "WCFCallback.Host", "..\WCFCallback.Host\WCFCallback.Host.csproj", "{ACAD9FA6-A87B-4EAF-97B9-D9C085ED7E75}"
EndProject
Project("{FAE04EC0-301F-11D3-BF4B-00C04F79EFBC}") = "WCFCallback.Client", "..\WCFCallback.Client\WCFCallback.Client.csproj", "{59CC015A-F5CD-499C-8665-573A593C02AC}"
EndProject
Global
	GlobalSection(SolutionConfigurationPlatforms) = preSolution
		Debug|Any CPU = Debug|Any CPU
		Release|Any CPU = Release|Any CPU
	EndGlobalSection
	GlobalSection(ProjectConfigurationPlatforms) = postSolution
		{AC0E0FE7-384C-4D35-99F6-EA2D982B2436}.Debug|Any CPU.ActiveCfg = Debug|Any CPU
		{AC0E0FE7-384C-4D35-99F6-EA2D982B2436}.Debug|Any CPU.Build.0 = Debug|Any CPU
		{AC0E0FE7-384C-4D35-99F6-EA2D982B2436}.Release|Any CPU.ActiveCfg = Release|Any CPU
		{AC0E0FE7-384C-4D35-99F6-EA2D982B2436}.Release|Any CPU.Build.0 = Release|Any CPU
		{ACAD9FA6-A87B-4EAF-97B9-D9C085ED7E75}.Debug|Any CPU.ActiveCfg = Debug|Any CPU
		{ACAD9FA6-A87B-4EAF-97B9-D9C085ED7E75}.Debug|Any CPU.Build.0 = Debug|Any CPU
		{ACAD9FA6-A87B-4EAF-97B9-D9C085ED7E75}.Release|Any CPU.ActiveCfg = Release|Any CPU
		{ACAD9FA6-A87B-4EAF-97B9-D9C085ED7E75}.Release|Any CPU.Build.0 = Release|Any CPU
		{59CC015A-F5CD-499C-8665-573A593C02AC}.Debug|Any CPU.ActiveCfg = Debug|Any CPU
		{59CC015A-F5CD-499C-8665-573A593C02AC}.Debug|Any CPU.Build.0 = Debug|Any CPU
		{59CC015A-F5CD-499C-8665-573A593C02AC}.Release|Any CPU.ActiveCfg = Release|Any CPU
		{59CC015A-F5CD-499C-8665-573A593C02AC}.Release|Any CPU.Build.0 = Release|Any CPU
	EndGlobalSection
	GlobalSection(SolutionProperties) = preSolution
		HideSolutionNode = FALSE
	EndGlobalSection
	GlobalSection(ExtensibilityGlobals) = postSolution
		SolutionGuid = {FF3CBBFB-0A51-402C-98AA-F6072445BA94}
	EndGlobalSection
EndGlobal
